
Microsoft Visual Studio Solution File, Format Version 12.00
# Visual Studio Version 17
VisualStudioVersion = 17.8.34330.188
MinimumVisualStudioVersion = 10.0.40219.1
Project("{2150E333-8FDC-42A3-9474-1A3956D46DE8}") = "GenericProps", "GenericProps", "{6B62A1F5-1E91-499C-860D-864D8DA9A5A6}"
EndProject
Project("{2150E333-8FDC-42A3-9474-1A3956D46DE8}") = "RunGeneratorPowershellOnceDBChanges", "RunGeneratorPowershellOnceDBChanges", "{ECFDD31D-9F5C-43CA-8F42-FFC4469E2E51}"
EndProject
Project("{FAE04EC0-301F-11D3-BF4B-00C04F79EFBC}") = "Net8TILT.GeneratorPowershell", "Net8TILT\Net8TILT.GeneratorPowershell\Net8TILT.GeneratorPowershell.csproj", "{55856380-FFC2-4CCA-A210-D8D3C611B7E9}"
EndProject
Project("{FAE04EC0-301F-11D3-BF4B-00C04F79EFBC}") = "Net8TILT.GeneratorCRA", "Net8TILT\Net8TILT.GeneratorCRA\Net8TILT.GeneratorCRA.csproj", "{FDBDABC5-2249-4CF4-8088-7B1751651404}"
EndProject
Project("{2150E333-8FDC-42A3-9474-1A3956D46DE8}") = "GeneratedProjects", "GeneratedProjects", "{747446FF-BB5E-4745-9884-189BF91B6822}"
EndProject
Project("{FAE04EC0-301F-11D3-BF4B-00C04F79EFBC}") = "Net8TILT.GeneratorFromDB", "Net8TILT\Net8TILT.GeneratorFromDB\Net8TILT.GeneratorFromDB.csproj", "{1B375589-F031-4563-A5CD-3182BE0F257F}"
EndProject
Project("{FAE04EC0-301F-11D3-BF4B-00C04F79EFBC}") = "Net8TILT.Models", "Net8TILT\Net8TILT.Models\Net8TILT.Models.csproj", "{4CA1F653-68A1-46F9-B118-99BB2C30EFC0}"
EndProject
Project("{FAE04EC0-301F-11D3-BF4B-00C04F79EFBC}") = "Net8TILT.Context", "Net8TILT\Net8TILT.Context\Net8TILT.Context.csproj", "{CFDF2A07-87FB-4306-BFCE-BDF77661A68A}"
EndProject
Project("{FAE04EC0-301F-11D3-BF4B-00C04F79EFBC}") = "Net8TILT.Controllers", "Net8TILT\Net8TILT.Controllers\Net8TILT.Controllers.csproj", "{26BA5725-F8EF-4F61-9DD3-43A80239C4B4}"
EndProject
Project("{FAE04EC0-301F-11D3-BF4B-00C04F79EFBC}") = "Net8TILT.Blazor", "Net8TILT\Net8TILT.Blazor\Net8TILT.Blazor.csproj", "{BBE4FE91-A76E-4C8C-BA94-C9B2F08C866F}"
EndProject
Project("{FAE04EC0-301F-11D3-BF4B-00C04F79EFBC}") = "Net8TILT.WebAPI", "Net8TILT\Net8TILT.WebAPI\Net8TILT.WebAPI.csproj", "{73C77A87-CC55-4062-A1F2-6C015FFEE7E2}"
EndProject
Project("{2150E333-8FDC-42A3-9474-1A3956D46DE8}") = "MainProjects", "MainProjects", "{504B2AF0-0A68-4C2A-BDE4-5EEA0CA0B0CF}"
EndProject
Project("{9A19103F-16F7-4668-BE54-9A1E7A4F7556}") = "NetTilt.Auth", "MainProjects\NetTilt.Auth\NetTilt.Auth.csproj", "{D7F63944-1888-428A-874D-BDBAFE260BD2}"
EndProject
Project("{9A19103F-16F7-4668-BE54-9A1E7A4F7556}") = "NetTilt.Logic", "MainProjects\NetTilt.Logic\NetTilt.Logic.csproj", "{F49804E8-D399-4635-A7A1-6C0FAE5218F0}"
EndProject
Project("{9A19103F-16F7-4668-BE54-9A1E7A4F7556}") = "NetTilt.Tests", "MainProjects\NetTilt.Tests\NetTilt.Tests.csproj", "{27E8DCBD-20D2-4A33-9768-FD70BE0607EB}"
EndProject
Global
	GlobalSection(SolutionConfigurationPlatforms) = preSolution
		Debug|Any CPU = Debug|Any CPU
		Release|Any CPU = Release|Any CPU
	EndGlobalSection
	GlobalSection(ProjectConfigurationPlatforms) = postSolution
		{55856380-FFC2-4CCA-A210-D8D3C611B7E9}.Debug|Any CPU.ActiveCfg = Debug|Any CPU
		{55856380-FFC2-4CCA-A210-D8D3C611B7E9}.Debug|Any CPU.Build.0 = Debug|Any CPU
		{55856380-FFC2-4CCA-A210-D8D3C611B7E9}.Release|Any CPU.ActiveCfg = Release|Any CPU
		{55856380-FFC2-4CCA-A210-D8D3C611B7E9}.Release|Any CPU.Build.0 = Release|Any CPU
		{FDBDABC5-2249-4CF4-8088-7B1751651404}.Debug|Any CPU.ActiveCfg = Debug|Any CPU
		{FDBDABC5-2249-4CF4-8088-7B1751651404}.Debug|Any CPU.Build.0 = Debug|Any CPU
		{FDBDABC5-2249-4CF4-8088-7B1751651404}.Release|Any CPU.ActiveCfg = Release|Any CPU
		{FDBDABC5-2249-4CF4-8088-7B1751651404}.Release|Any CPU.Build.0 = Release|Any CPU
		{1B375589-F031-4563-A5CD-3182BE0F257F}.Debug|Any CPU.ActiveCfg = Debug|Any CPU
		{1B375589-F031-4563-A5CD-3182BE0F257F}.Debug|Any CPU.Build.0 = Debug|Any CPU
		{1B375589-F031-4563-A5CD-3182BE0F257F}.Release|Any CPU.ActiveCfg = Release|Any CPU
		{1B375589-F031-4563-A5CD-3182BE0F257F}.Release|Any CPU.Build.0 = Release|Any CPU
		{4CA1F653-68A1-46F9-B118-99BB2C30EFC0}.Debug|Any CPU.ActiveCfg = Debug|Any CPU
		{4CA1F653-68A1-46F9-B118-99BB2C30EFC0}.Debug|Any CPU.Build.0 = Debug|Any CPU
		{4CA1F653-68A1-46F9-B118-99BB2C30EFC0}.Release|Any CPU.ActiveCfg = Release|Any CPU
		{4CA1F653-68A1-46F9-B118-99BB2C30EFC0}.Release|Any CPU.Build.0 = Release|Any CPU
		{CFDF2A07-87FB-4306-BFCE-BDF77661A68A}.Debug|Any CPU.ActiveCfg = Debug|Any CPU
		{CFDF2A07-87FB-4306-BFCE-BDF77661A68A}.Debug|Any CPU.Build.0 = Debug|Any CPU
		{CFDF2A07-87FB-4306-BFCE-BDF77661A68A}.Release|Any CPU.ActiveCfg = Release|Any CPU
		{CFDF2A07-87FB-4306-BFCE-BDF77661A68A}.Release|Any CPU.Build.0 = Release|Any CPU
		{26BA5725-F8EF-4F61-9DD3-43A80239C4B4}.Debug|Any CPU.ActiveCfg = Debug|Any CPU
		{26BA5725-F8EF-4F61-9DD3-43A80239C4B4}.Debug|Any CPU.Build.0 = Debug|Any CPU
		{26BA5725-F8EF-4F61-9DD3-43A80239C4B4}.Release|Any CPU.ActiveCfg = Release|Any CPU
		{26BA5725-F8EF-4F61-9DD3-43A80239C4B4}.Release|Any CPU.Build.0 = Release|Any CPU
		{BBE4FE91-A76E-4C8C-BA94-C9B2F08C866F}.Debug|Any CPU.ActiveCfg = Debug|Any CPU
		{BBE4FE91-A76E-4C8C-BA94-C9B2F08C866F}.Debug|Any CPU.Build.0 = Debug|Any CPU
		{BBE4FE91-A76E-4C8C-BA94-C9B2F08C866F}.Release|Any CPU.ActiveCfg = Release|Any CPU
		{BBE4FE91-A76E-4C8C-BA94-C9B2F08C866F}.Release|Any CPU.Build.0 = Release|Any CPU
		{73C77A87-CC55-4062-A1F2-6C015FFEE7E2}.Debug|Any CPU.ActiveCfg = Debug|Any CPU
		{73C77A87-CC55-4062-A1F2-6C015FFEE7E2}.Debug|Any CPU.Build.0 = Debug|Any CPU
		{73C77A87-CC55-4062-A1F2-6C015FFEE7E2}.Release|Any CPU.ActiveCfg = Release|Any CPU
		{73C77A87-CC55-4062-A1F2-6C015FFEE7E2}.Release|Any CPU.Build.0 = Release|Any CPU
		{D7F63944-1888-428A-874D-BDBAFE260BD2}.Debug|Any CPU.ActiveCfg = Debug|Any CPU
		{D7F63944-1888-428A-874D-BDBAFE260BD2}.Debug|Any CPU.Build.0 = Debug|Any CPU
		{D7F63944-1888-428A-874D-BDBAFE260BD2}.Release|Any CPU.ActiveCfg = Release|Any CPU
		{D7F63944-1888-428A-874D-BDBAFE260BD2}.Release|Any CPU.Build.0 = Release|Any CPU
		{F49804E8-D399-4635-A7A1-6C0FAE5218F0}.Debug|Any CPU.ActiveCfg = Debug|Any CPU
		{F49804E8-D399-4635-A7A1-6C0FAE5218F0}.Debug|Any CPU.Build.0 = Debug|Any CPU
		{F49804E8-D399-4635-A7A1-6C0FAE5218F0}.Release|Any CPU.ActiveCfg = Release|Any CPU
		{F49804E8-D399-4635-A7A1-6C0FAE5218F0}.Release|Any CPU.Build.0 = Release|Any CPU
		{27E8DCBD-20D2-4A33-9768-FD70BE0607EB}.Debug|Any CPU.ActiveCfg = Debug|Any CPU
		{27E8DCBD-20D2-4A33-9768-FD70BE0607EB}.Debug|Any CPU.Build.0 = Debug|Any CPU
		{27E8DCBD-20D2-4A33-9768-FD70BE0607EB}.Release|Any CPU.ActiveCfg = Release|Any CPU
		{27E8DCBD-20D2-4A33-9768-FD70BE0607EB}.Release|Any CPU.Build.0 = Release|Any CPU
	EndGlobalSection
	GlobalSection(SolutionProperties) = preSolution
		HideSolutionNode = FALSE
	EndGlobalSection
	GlobalSection(NestedProjects) = preSolution
		{55856380-FFC2-4CCA-A210-D8D3C611B7E9} = {ECFDD31D-9F5C-43CA-8F42-FFC4469E2E51}
		{FDBDABC5-2249-4CF4-8088-7B1751651404} = {ECFDD31D-9F5C-43CA-8F42-FFC4469E2E51}
		{1B375589-F031-4563-A5CD-3182BE0F257F} = {747446FF-BB5E-4745-9884-189BF91B6822}
		{4CA1F653-68A1-46F9-B118-99BB2C30EFC0} = {747446FF-BB5E-4745-9884-189BF91B6822}
		{CFDF2A07-87FB-4306-BFCE-BDF77661A68A} = {747446FF-BB5E-4745-9884-189BF91B6822}
		{26BA5725-F8EF-4F61-9DD3-43A80239C4B4} = {747446FF-BB5E-4745-9884-189BF91B6822}
		{BBE4FE91-A76E-4C8C-BA94-C9B2F08C866F} = {747446FF-BB5E-4745-9884-189BF91B6822}
		{D7F63944-1888-428A-874D-BDBAFE260BD2} = {504B2AF0-0A68-4C2A-BDE4-5EEA0CA0B0CF}
		{F49804E8-D399-4635-A7A1-6C0FAE5218F0} = {504B2AF0-0A68-4C2A-BDE4-5EEA0CA0B0CF}
		{27E8DCBD-20D2-4A33-9768-FD70BE0607EB} = {504B2AF0-0A68-4C2A-BDE4-5EEA0CA0B0CF}
	EndGlobalSection
	GlobalSection(ExtensibilityGlobals) = postSolution
		SolutionGuid = {57770002-9C48-44BE-9D75-136ED2099F5B}
	EndGlobalSection
EndGlobal
